// !$*UTF8*$!
{
	archiveVersion = 1;
	classes = {
	};
	objectVersion = 56;
	objects = {

/* Begin PBXBuildFile section */
		2C1364952956328C00CF8461 /* AppDelegate.swift in Sources */ = {isa = PBXBuildFile; fileRef = 2C1364942956328C00CF8461 /* AppDelegate.swift */; };
		2C1364972956328C00CF8461 /* SceneDelegate.swift in Sources */ = {isa = PBXBuildFile; fileRef = 2C1364962956328C00CF8461 /* SceneDelegate.swift */; };
		2C1364992956328C00CF8461 /* ViewController.swift in Sources */ = {isa = PBXBuildFile; fileRef = 2C1364982956328C00CF8461 /* ViewController.swift */; };
		2C13649E2956328D00CF8461 /* Assets.xcassets in Resources */ = {isa = PBXBuildFile; fileRef = 2C13649D2956328D00CF8461 /* Assets.xcassets */; };
		2C1364A12956328D00CF8461 /* LaunchScreen.storyboard in Resources */ = {isa = PBXBuildFile; fileRef = 2C13649F2956328D00CF8461 /* LaunchScreen.storyboard */; };
		2C1364AB2956330200CF8461 /* CatView.swift in Sources */ = {isa = PBXBuildFile; fileRef = 2C1364AA2956330200CF8461 /* CatView.swift */; };
		2C1364AD2956330E00CF8461 /* CatInteractor.swift in Sources */ = {isa = PBXBuildFile; fileRef = 2C1364AC2956330E00CF8461 /* CatInteractor.swift */; };
		2C1364AF2956335200CF8461 /* CatPresenter.swift in Sources */ = {isa = PBXBuildFile; fileRef = 2C1364AE2956335200CF8461 /* CatPresenter.swift */; };
		2C1364B12956335F00CF8461 /* CatEntity.swift in Sources */ = {isa = PBXBuildFile; fileRef = 2C1364B02956335F00CF8461 /* CatEntity.swift */; };
		2C1364B32956336D00CF8461 /* CatRouter.swift in Sources */ = {isa = PBXBuildFile; fileRef = 2C1364B22956336D00CF8461 /* CatRouter.swift */; };
		2C1364B52956337B00CF8461 /* RandView.swift in Sources */ = {isa = PBXBuildFile; fileRef = 2C1364B42956337B00CF8461 /* RandView.swift */; };
		2C1364B72956338800CF8461 /* RandInteractor.swift in Sources */ = {isa = PBXBuildFile; fileRef = 2C1364B62956338800CF8461 /* RandInteractor.swift */; };
		2C1364B92956339A00CF8461 /* RandPresenter.swift in Sources */ = {isa = PBXBuildFile; fileRef = 2C1364B82956339A00CF8461 /* RandPresenter.swift */; };
		2C1364BB295633A700CF8461 /* RandEntity.swift in Sources */ = {isa = PBXBuildFile; fileRef = 2C1364BA295633A700CF8461 /* RandEntity.swift */; };
		2C1364BD295633B300CF8461 /* RandRouter.swift in Sources */ = {isa = PBXBuildFile; fileRef = 2C1364BC295633B300CF8461 /* RandRouter.swift */; };
		2C1364BF295634B600CF8461 /* Collection+Extension.swift in Sources */ = {isa = PBXBuildFile; fileRef = 2C1364BE295634B600CF8461 /* Collection+Extension.swift */; };
		2C1364C1295636F800CF8461 /* CatCell.xib in Resources */ = {isa = PBXBuildFile; fileRef = 2C1364C0295636F800CF8461 /* CatCell.xib */; };
/* End PBXBuildFile section */

/* Begin PBXFileReference section */
		2C1364912956328C00CF8461 /* DZ21.app */ = {isa = PBXFileReference; explicitFileType = wrapper.application; includeInIndex = 0; path = DZ21.app; sourceTree = BUILT_PRODUCTS_DIR; };
		2C1364942956328C00CF8461 /* AppDelegate.swift */ = {isa = PBXFileReference; lastKnownFileType = sourcecode.swift; path = AppDelegate.swift; sourceTree = "<group>"; };
		2C1364962956328C00CF8461 /* SceneDelegate.swift */ = {isa = PBXFileReference; lastKnownFileType = sourcecode.swift; path = SceneDelegate.swift; sourceTree = "<group>"; };
		2C1364982956328C00CF8461 /* ViewController.swift */ = {isa = PBXFileReference; lastKnownFileType = sourcecode.swift; path = ViewController.swift; sourceTree = "<group>"; };
		2C13649D2956328D00CF8461 /* Assets.xcassets */ = {isa = PBXFileReference; lastKnownFileType = folder.assetcatalog; path = Assets.xcassets; sourceTree = "<group>"; };
		2C1364A02956328D00CF8461 /* Base */ = {isa = PBXFileReference; lastKnownFileType = file.storyboard; name = Base; path = Base.lproj/LaunchScreen.storyboard; sourceTree = "<group>"; };
		2C1364A22956328D00CF8461 /* Info.plist */ = {isa = PBXFileReference; lastKnownFileType = text.plist.xml; path = Info.plist; sourceTree = "<group>"; };
		2C1364AA2956330200CF8461 /* CatView.swift */ = {isa = PBXFileReference; lastKnownFileType = sourcecode.swift; path = CatView.swift; sourceTree = "<group>"; };
		2C1364AC2956330E00CF8461 /* CatInteractor.swift */ = {isa = PBXFileReference; lastKnownFileType = sourcecode.swift; path = CatInteractor.swift; sourceTree = "<group>"; };
		2C1364AE2956335200CF8461 /* CatPresenter.swift */ = {isa = PBXFileReference; lastKnownFileType = sourcecode.swift; path = CatPresenter.swift; sourceTree = "<group>"; };
		2C1364B02956335F00CF8461 /* CatEntity.swift */ = {isa = PBXFileReference; lastKnownFileType = sourcecode.swift; path = CatEntity.swift; sourceTree = "<group>"; };
		2C1364B22956336D00CF8461 /* CatRouter.swift */ = {isa = PBXFileReference; lastKnownFileType = sourcecode.swift; path = CatRouter.swift; sourceTree = "<group>"; };
		2C1364B42956337B00CF8461 /* RandView.swift */ = {isa = PBXFileReference; lastKnownFileType = sourcecode.swift; path = RandView.swift; sourceTree = "<group>"; };
		2C1364B62956338800CF8461 /* RandInteractor.swift */ = {isa = PBXFileReference; lastKnownFileType = sourcecode.swift; path = RandInteractor.swift; sourceTree = "<group>"; };
		2C1364B82956339A00CF8461 /* RandPresenter.swift */ = {isa = PBXFileReference; lastKnownFileType = sourcecode.swift; path = RandPresenter.swift; sourceTree = "<group>"; };
		2C1364BA295633A700CF8461 /* RandEntity.swift */ = {isa = PBXFileReference; lastKnownFileType = sourcecode.swift; path = RandEntity.swift; sourceTree = "<group>"; };
		2C1364BC295633B300CF8461 /* RandRouter.swift */ = {isa = PBXFileReference; lastKnownFileType = sourcecode.swift; path = RandRouter.swift; sourceTree = "<group>"; };
		2C1364BE295634B600CF8461 /* Collection+Extension.swift */ = {isa = PBXFileReference; lastKnownFileType = sourcecode.swift; path = "Collection+Extension.swift"; sourceTree = "<group>"; };
		2C1364C0295636F800CF8461 /* CatCell.xib */ = {isa = PBXFileReference; lastKnownFileType = file.xib; path = CatCell.xib; sourceTree = "<group>"; };
/* End PBXFileReference section */

/* Begin PBXFrameworksBuildPhase section */
		2C13648E2956328C00CF8461 /* Frameworks */ = {
			isa = PBXFrameworksBuildPhase;
			buildActionMask = 2147483647;
			files = (
			);
			runOnlyForDeploymentPostprocessing = 0;
		};
/* End PBXFrameworksBuildPhase section */

/* Begin PBXGroup section */
		2C1364882956328C00CF8461 = {
			isa = PBXGroup;
			children = (
				2C1364932956328C00CF8461 /* DZ21 */,
				2C1364922956328C00CF8461 /* Products */,
			);
			sourceTree = "<group>";
		};
		2C1364922956328C00CF8461 /* Products */ = {
			isa = PBXGroup;
			children = (
				2C1364912956328C00CF8461 /* DZ21.app */,
			);
			name = Products;
			sourceTree = "<group>";
		};
		2C1364932956328C00CF8461 /* DZ21 */ = {
			isa = PBXGroup;
			children = (
				2C1364A8295632BE00CF8461 /* CatModule */,
				2C1364A9295632DA00CF8461 /* RandModule */,
				2C1364942956328C00CF8461 /* AppDelegate.swift */,
				2C1364962956328C00CF8461 /* SceneDelegate.swift */,
				2C1364982956328C00CF8461 /* ViewController.swift */,
				2C13649D2956328D00CF8461 /* Assets.xcassets */,
				2C13649F2956328D00CF8461 /* LaunchScreen.storyboard */,
				2C1364A22956328D00CF8461 /* Info.plist */,
				2C1364BE295634B600CF8461 /* Collection+Extension.swift */,
				2C1364C0295636F800CF8461 /* CatCell.xib */,
			);
			path = DZ21;
			sourceTree = "<group>";
		};
		2C1364A8295632BE00CF8461 /* CatModule */ = {
			isa = PBXGroup;
			children = (
				2C1364AA2956330200CF8461 /* CatView.swift */,
				2C1364AC2956330E00CF8461 /* CatInteractor.swift */,
				2C1364AE2956335200CF8461 /* CatPresenter.swift */,
				2C1364B02956335F00CF8461 /* CatEntity.swift */,
				2C1364B22956336D00CF8461 /* CatRouter.swift */,
			);
			path = CatModule;
			sourceTree = "<group>";
		};
		2C1364A9295632DA00CF8461 /* RandModule */ = {
			isa = PBXGroup;
			children = (
				2C1364B42956337B00CF8461 /* RandView.swift */,
				2C1364B62956338800CF8461 /* RandInteractor.swift */,
				2C1364B82956339A00CF8461 /* RandPresenter.swift */,
				2C1364BA295633A700CF8461 /* RandEntity.swift */,
				2C1364BC295633B300CF8461 /* RandRouter.swift */,
			);
			path = RandModule;
			sourceTree = "<group>";
		};
/* End PBXGroup section */

/* Begin PBXNativeTarget section */
		2C1364902956328C00CF8461 /* DZ21 */ = {
			isa = PBXNativeTarget;
			buildConfigurationList = 2C1364A52956328D00CF8461 /* Build configuration list for PBXNativeTarget "DZ21" */;
			buildPhases = (
				2C13648D2956328C00CF8461 /* Sources */,
				2C13648E2956328C00CF8461 /* Frameworks */,
				2C13648F2956328C00CF8461 /* Resources */,
			);
			buildRules = (
			);
			dependencies = (
			);
			name = DZ21;
			productName = DZ21;
			productReference = 2C1364912956328C00CF8461 /* DZ21.app */;
			productType = "com.apple.product-type.application";
		};
/* End PBXNativeTarget section */

/* Begin PBXProject section */
		2C1364892956328C00CF8461 /* Project object */ = {
			isa = PBXProject;
			attributes = {
				BuildIndependentTargetsInParallel = 1;
				LastSwiftUpdateCheck = 1420;
				LastUpgradeCheck = 1420;
				TargetAttributes = {
					2C1364902956328C00CF8461 = {
						CreatedOnToolsVersion = 14.2;
					};
				};
			};
			buildConfigurationList = 2C13648C2956328C00CF8461 /* Build configuration list for PBXProject "DZ21" */;
			compatibilityVersion = "Xcode 14.0";
			developmentRegion = en;
			hasScannedForEncodings = 0;
			knownRegions = (
				en,
				Base,
			);
			mainGroup = 2C1364882956328C00CF8461;
			productRefGroup = 2C1364922956328C00CF8461 /* Products */;
			projectDirPath = "";
			projectRoot = "";
			targets = (
				2C1364902956328C00CF8461 /* DZ21 */,
			);
		};
/* End PBXProject section */

/* Begin PBXResourcesBuildPhase section */
		2C13648F2956328C00CF8461 /* Resources */ = {
			isa = PBXResourcesBuildPhase;
			buildActionMask = 2147483647;
			files = (
				2C1364A12956328D00CF8461 /* LaunchScreen.storyboard in Resources */,
				2C13649E2956328D00CF8461 /* Assets.xcassets in Resources */,
				2C1364C1295636F800CF8461 /* CatCell.xib in Resources */,
			);
			runOnlyForDeploymentPostprocessing = 0;
		};
/* End PBXResourcesBuildPhase section */

/* Begin PBXSourcesBuildPhase section */
		2C13648D2956328C00CF8461 /* Sources */ = {
			isa = PBXSourcesBuildPhase;
			buildActionMask = 2147483647;
			files = (
				2C1364992956328C00CF8461 /* ViewController.swift in Sources */,
				2C1364BF295634B600CF8461 /* Collection+Extension.swift in Sources */,
				2C1364BB295633A700CF8461 /* RandEntity.swift in Sources */,
				2C1364AF2956335200CF8461 /* CatPresenter.swift in Sources */,
				2C1364952956328C00CF8461 /* AppDelegate.swift in Sources */,
				2C1364B92956339A00CF8461 /* RandPresenter.swift in Sources */,
				2C1364B52956337B00CF8461 /* RandView.swift in Sources */,
				2C1364B32956336D00CF8461 /* CatRouter.swift in Sources */,
				2C1364BD295633B300CF8461 /* RandRouter.swift in Sources */,
				2C1364972956328C00CF8461 /* SceneDelegate.swift in Sources */,
				2C1364B12956335F00CF8461 /* CatEntity.swift in Sources */,
				2C1364B72956338800CF8461 /* RandInteractor.swift in Sources */,
				2C1364AB2956330200CF8461 /* CatView.swift in Sources */,
				2C1364AD2956330E00CF8461 /* CatInteractor.swift in Sources */,
			);
			runOnlyForDeploymentPostprocessing = 0;
		};
/* End PBXSourcesBuildPhase section */

/* Begin PBXVariantGroup section */
		2C13649F2956328D00CF8461 /* LaunchScreen.storyboard */ = {
			isa = PBXVariantGroup;
			children = (
				2C1364A02956328D00CF8461 /* Base */,
			);
			name = LaunchScreen.storyboard;
			sourceTree = "<group>";
		};
/* End PBXVariantGroup section */

/* Begin XCBuildConfiguration section */
		2C1364A32956328D00CF8461 /* Debug */ = {
			isa = XCBuildConfiguration;
			buildSettings = {
				ALWAYS_SEARCH_USER_PATHS = NO;
				CLANG_ANALYZER_NONNULL = YES;
				CLANG_ANALYZER_NUMBER_OBJECT_CONVERSION = YES_AGGRESSIVE;
				CLANG_CXX_LANGUAGE_STANDARD = "gnu++20";
				CLANG_ENABLE_MODULES = YES;
				CLANG_ENABLE_OBJC_ARC = YES;
				CLANG_ENABLE_OBJC_WEAK = YES;
				CLANG_WARN_BLOCK_CAPTURE_AUTORELEASING = YES;
				CLANG_WARN_BOOL_CONVERSION = YES;
				CLANG_WARN_COMMA = YES;
				CLANG_WARN_CONSTANT_CONVERSION = YES;
				CLANG_WARN_DEPRECATED_OBJC_IMPLEMENTATIONS = YES;
				CLANG_WARN_DIRECT_OBJC_ISA_USAGE = YES_ERROR;
				CLANG_WARN_DOCUMENTATION_COMMENTS = YES;
				CLANG_WARN_EMPTY_BODY = YES;
				CLANG_WARN_ENUM_CONVERSION = YES;
				CLANG_WARN_INFINITE_RECURSION = YES;
				CLANG_WARN_INT_CONVERSION = YES;
				CLANG_WARN_NON_LITERAL_NULL_CONVERSION = YES;
				CLANG_WARN_OBJC_IMPLICIT_RETAIN_SELF = YES;
				CLANG_WARN_OBJC_LITERAL_CONVERSION = YES;
				CLANG_WARN_OBJC_ROOT_CLASS = YES_ERROR;
				CLANG_WARN_QUOTED_INCLUDE_IN_FRAMEWORK_HEADER = YES;
				CLANG_WARN_RANGE_LOOP_ANALYSIS = YES;
				CLANG_WARN_STRICT_PROTOTYPES = YES;
				CLANG_WARN_SUSPICIOUS_MOVE = YES;
				CLANG_WARN_UNGUARDED_AVAILABILITY = YES_AGGRESSIVE;
				CLANG_WARN_UNREACHABLE_CODE = YES;
				CLANG_WARN__DUPLICATE_METHOD_MATCH = YES;
				COPY_PHASE_STRIP = NO;
				DEBUG_INFORMATION_FORMAT = dwarf;
				ENABLE_STRICT_OBJC_MSGSEND = YES;
				ENABLE_TESTABILITY = YES;
				GCC_C_LANGUAGE_STANDARD = gnu11;
				GCC_DYNAMIC_NO_PIC = NO;
				GCC_NO_COMMON_BLOCKS = YES;
				GCC_OPTIMIZATION_LEVEL = 0;
				GCC_PREPROCESSOR_DEFINITIONS = (
					"DEBUG=1",
					"$(inherited)",
				);
				GCC_WARN_64_TO_32_BIT_CONVERSION = YES;
				GCC_WARN_ABOUT_RETURN_TYPE = YES_ERROR;
				GCC_WARN_UNDECLARED_SELECTOR = YES;
				GCC_WARN_UNINITIALIZED_AUTOS = YES_AGGRESSIVE;
				GCC_WARN_UNUSED_FUNCTION = YES;
				GCC_WARN_UNUSED_VARIABLE = YES;
				IPHONEOS_DEPLOYMENT_TARGET = 16.2;
				MTL_ENABLE_DEBUG_INFO = INCLUDE_SOURCE;
				MTL_FAST_MATH = YES;
				ONLY_ACTIVE_ARCH = YES;
				SDKROOT = iphoneos;
				SWIFT_ACTIVE_COMPILATION_CONDITIONS = DEBUG;
				SWIFT_OPTIMIZATION_LEVEL = "-Onone";
			};
			name = Debug;
		};
		2C1364A42956328D00CF8461 /* Release */ = {
			isa = XCBuildConfiguration;
			buildSettings = {
				ALWAYS_SEARCH_USER_PATHS = NO;
				CLANG_ANALYZER_NONNULL = YES;
				CLANG_ANALYZER_NUMBER_OBJECT_CONVERSION = YES_AGGRESSIVE;
				CLANG_CXX_LANGUAGE_STANDARD = "gnu++20";
				CLANG_ENABLE_MODULES = YES;
				CLANG_ENABLE_OBJC_ARC = YES;
				CLANG_ENABLE_OBJC_WEAK = YES;
				CLANG_WARN_BLOCK_CAPTURE_AUTORELEASING = YES;
				CLANG_WARN_BOOL_CONVERSION = YES;
				CLANG_WARN_COMMA = YES;
				CLANG_WARN_CONSTANT_CONVERSION = YES;
				CLANG_WARN_DEPRECATED_OBJC_IMPLEMENTATIONS = YES;
				CLANG_WARN_DIRECT_OBJC_ISA_USAGE = YES_ERROR;
				CLANG_WARN_DOCUMENTATION_COMMENTS = YES;
				CLANG_WARN_EMPTY_BODY = YES;
				CLANG_WARN_ENUM_CONVERSION = YES;
				CLANG_WARN_INFINITE_RECURSION = YES;
				CLANG_WARN_INT_CONVERSION = YES;
				CLANG_WARN_NON_LITERAL_NULL_CONVERSION = YES;
				CLANG_WARN_OBJC_IMPLICIT_RETAIN_SELF = YES;
				CLANG_WARN_OBJC_LITERAL_CONVERSION = YES;
				CLANG_WARN_OBJC_ROOT_CLASS = YES_ERROR;
				CLANG_WARN_QUOTED_INCLUDE_IN_FRAMEWORK_HEADER = YES;
				CLANG_WARN_RANGE_LOOP_ANALYSIS = YES;
				CLANG_WARN_STRICT_PROTOTYPES = YES;
				CLANG_WARN_SUSPICIOUS_MOVE = YES;
				CLANG_WARN_UNGUARDED_AVAILABILITY = YES_AGGRESSIVE;
				CLANG_WARN_UNREACHABLE_CODE = YES;
				CLANG_WARN__DUPLICATE_METHOD_MATCH = YES;
				COPY_PHASE_STRIP = NO;
				DEBUG_INFORMATION_FORMAT = "dwarf-with-dsym";
				ENABLE_NS_ASSERTIONS = NO;
				ENABLE_STRICT_OBJC_MSGSEND = YES;
				GCC_C_LANGUAGE_STANDARD = gnu11;
				GCC_NO_COMMON_BLOCKS = YES;
				GCC_WARN_64_TO_32_BIT_CONVERSION = YES;
				GCC_WARN_ABOUT_RETURN_TYPE = YES_ERROR;
				GCC_WARN_UNDECLARED_SELECTOR = YES;
				GCC_WARN_UNINITIALIZED_AUTOS = YES_AGGRESSIVE;
				GCC_WARN_UNUSED_FUNCTION = YES;
				GCC_WARN_UNUSED_VARIABLE = YES;
				IPHONEOS_DEPLOYMENT_TARGET = 16.2;
				MTL_ENABLE_DEBUG_INFO = NO;
				MTL_FAST_MATH = YES;
				SDKROOT = iphoneos;
				SWIFT_COMPILATION_MODE = wholemodule;
				SWIFT_OPTIMIZATION_LEVEL = "-O";
				VALIDATE_PRODUCT = YES;
			};
			name = Release;
		};
		2C1364A62956328D00CF8461 /* Debug */ = {
			isa = XCBuildConfiguration;
			buildSettings = {
				ASSETCATALOG_COMPILER_APPICON_NAME = AppIcon;
				ASSETCATALOG_COMPILER_GLOBAL_ACCENT_COLOR_NAME = AccentColor;
				CODE_SIGN_STYLE = Automatic;
				CURRENT_PROJECT_VERSION = 1;
				DEVELOPMENT_TEAM = J25YA2CZDR;
				GENERATE_INFOPLIST_FILE = YES;
				INFOPLIST_FILE = DZ21/Info.plist;
				INFOPLIST_KEY_UIApplicationSupportsIndirectInputEvents = YES;
				INFOPLIST_KEY_UILaunchStoryboardName = LaunchScreen;
				INFOPLIST_KEY_UISupportedInterfaceOrientations_iPad = "UIInterfaceOrientationPortrait UIInterfaceOrientationPortraitUpsideDown UIInterfaceOrientationLandscapeLeft UIInterfaceOrientationLandscapeRight";
				INFOPLIST_KEY_UISupportedInterfaceOrientations_iPhone = "UIInterfaceOrientationPortrait UIInterfaceOrientationLandscapeLeft UIInterfaceOrientationLandscapeRight";
				LD_RUNPATH_SEARCH_PATHS = (
					"$(inherited)",
					"@executable_path/Frameworks",
				);
				MARKETING_VERSION = 1.0;
				PRODUCT_BUNDLE_IDENTIFIER = com.dmitriynikulin.DZ21;
				PRODUCT_NAME = "$(TARGET_NAME)";
				SWIFT_EMIT_LOC_STRINGS = YES;
				SWIFT_VERSION = 5.0;
				TARGETED_DEVICE_FAMILY = "1,2";
			};
			name = Debug;
		};
		2C1364A72956328D00CF8461 /* Release */ = {
			isa = XCBuildConfiguration;
			buildSettings = {
				ASSETCATALOG_COMPILER_APPICON_NAME = AppIcon;
				ASSETCATALOG_COMPILER_GLOBAL_ACCENT_COLOR_NAME = AccentColor;
				CODE_SIGN_STYLE = Automatic;
				CURRENT_PROJECT_VERSION = 1;
				DEVELOPMENT_TEAM = J25YA2CZDR;
				GENERATE_INFOPLIST_FILE = YES;
				INFOPLIST_FILE = DZ21/Info.plist;
				INFOPLIST_KEY_UIApplicationSupportsIndirectInputEvents = YES;
				INFOPLIST_KEY_UILaunchStoryboardName = LaunchScreen;
				INFOPLIST_KEY_UISupportedInterfaceOrientations_iPad = "UIInterfaceOrientationPortrait UIInterfaceOrientationPortraitUpsideDown UIInterfaceOrientationLandscapeLeft UIInterfaceOrientationLandscapeRight";
				INFOPLIST_KEY_UISupportedInterfaceOrientations_iPhone = "UIInterfaceOrientationPortrait UIInterfaceOrientationLandscapeLeft UIInterfaceOrientationLandscapeRight";
				LD_RUNPATH_SEARCH_PATHS = (
					"$(inherited)",
					"@executable_path/Frameworks",
				);
				MARKETING_VERSION = 1.0;
				PRODUCT_BUNDLE_IDENTIFIER = com.dmitriynikulin.DZ21;
				PRODUCT_NAME = "$(TARGET_NAME)";
				SWIFT_EMIT_LOC_STRINGS = YES;
				SWIFT_VERSION = 5.0;
				TARGETED_DEVICE_FAMILY = "1,2";
			};
			name = Release;
		};
/* End XCBuildConfiguration section */

/* Begin XCConfigurationList section */
		2C13648C2956328C00CF8461 /* Build configuration list for PBXProject "DZ21" */ = {
			isa = XCConfigurationList;
			buildConfigurations = (
				2C1364A32956328D00CF8461 /* Debug */,
				2C1364A42956328D00CF8461 /* Release */,
			);
			defaultConfigurationIsVisible = 0;
			defaultConfigurationName = Release;
		};
		2C1364A52956328D00CF8461 /* Build configuration list for PBXNativeTarget "DZ21" */ = {
			isa = XCConfigurationList;
			buildConfigurations = (
				2C1364A62956328D00CF8461 /* Debug */,
				2C1364A72956328D00CF8461 /* Release */,
			);
			defaultConfigurationIsVisible = 0;
			defaultConfigurationName = Release;
		};
/* End XCConfigurationList section */
	};
	rootObject = 2C1364892956328C00CF8461 /* Project object */;
}
